
Microsoft Visual Studio Solution File, Format Version 12.00
# Visual Studio Version 17
VisualStudioVersion = 17.0.31903.59
MinimumVisualStudioVersion = 10.0.40219.1
Project("{2150E333-8FDC-42A3-9474-1A3956D46DE8}") = "src", "src", "{827E0CD3-B72D-47B6-A68D-7590B98EB39B}"
EndProject
Project("{FAE04EC0-301F-11D3-BF4B-00C04F79EFBC}") = "DevBoard.Domain", "src\DevBoard.Domain\DevBoard.Domain.csproj", "{C9E9C984-FD86-4436-A25A-D66E59ED6BBF}"
EndProject
Project("{FAE04EC0-301F-11D3-BF4B-00C04F79EFBC}") = "DevBoard.Application", "src\DevBoard.Application\DevBoard.Application.csproj", "{3B30F6BA-BA8A-42E2-9D6C-AD849EF7E59B}"
EndProject
Project("{FAE04EC0-301F-11D3-BF4B-00C04F79EFBC}") = "DevBoard.Infrastructure", "src\DevBoard.Infrastructure\DevBoard.Infrastructure.csproj", "{493BA7D1-D03E-462E-B9C0-DB765AE6C69E}"
EndProject
Project("{FAE04EC0-301F-11D3-BF4B-00C04F79EFBC}") = "DevBoard.Api", "src\DevBoard.Api\DevBoard.Api.csproj", "{74D61BBD-0BB8-4D06-961D-42121B5D8E8F}"
EndProject
Project("{2150E333-8FDC-42A3-9474-1A3956D46DE8}") = "tests", "tests", "{0AB3BF05-4346-4AA6-1389-037BE0695223}"
EndProject
Project("{FAE04EC0-301F-11D3-BF4B-00C04F79EFBC}") = "DevBoard.Domain.Tests", "tests\DevBoard.Domain.Tests\DevBoard.Domain.Tests.csproj", "{1EBB34A9-995E-4D7A-A705-85F951E83F7E}"
EndProject
Project("{FAE04EC0-301F-11D3-BF4B-00C04F79EFBC}") = "DevBoard.Api.Tests", "tests\DevBoard.Api.Tests\DevBoard.Api.Tests.csproj", "{78A12E41-8EEE-4C5A-BAC0-0BF623DAAA80}"
EndProject
Project("{FAE04EC0-301F-11D3-BF4B-00C04F79EFBC}") = "DevBoard.Shared", "src\DevBoard.Shared\DevBoard.Shared.csproj", "{28B99815-7A70-4DF1-BC6F-4A3EE7706603}"
EndProject
Global
	GlobalSection(SolutionConfigurationPlatforms) = preSolution
		Debug|Any CPU = Debug|Any CPU
		Debug|x64 = Debug|x64
		Debug|x86 = Debug|x86
		Release|Any CPU = Release|Any CPU
		Release|x64 = Release|x64
		Release|x86 = Release|x86
	EndGlobalSection
	GlobalSection(ProjectConfigurationPlatforms) = postSolution
		{C9E9C984-FD86-4436-A25A-D66E59ED6BBF}.Debug|Any CPU.ActiveCfg = Debug|Any CPU
		{C9E9C984-FD86-4436-A25A-D66E59ED6BBF}.Debug|Any CPU.Build.0 = Debug|Any CPU
		{C9E9C984-FD86-4436-A25A-D66E59ED6BBF}.Debug|x64.ActiveCfg = Debug|Any CPU
		{C9E9C984-FD86-4436-A25A-D66E59ED6BBF}.Debug|x64.Build.0 = Debug|Any CPU
		{C9E9C984-FD86-4436-A25A-D66E59ED6BBF}.Debug|x86.ActiveCfg = Debug|Any CPU
		{C9E9C984-FD86-4436-A25A-D66E59ED6BBF}.Debug|x86.Build.0 = Debug|Any CPU
		{C9E9C984-FD86-4436-A25A-D66E59ED6BBF}.Release|Any CPU.ActiveCfg = Release|Any CPU
		{C9E9C984-FD86-4436-A25A-D66E59ED6BBF}.Release|Any CPU.Build.0 = Release|Any CPU
		{C9E9C984-FD86-4436-A25A-D66E59ED6BBF}.Release|x64.ActiveCfg = Release|Any CPU
		{C9E9C984-FD86-4436-A25A-D66E59ED6BBF}.Release|x64.Build.0 = Release|Any CPU
		{C9E9C984-FD86-4436-A25A-D66E59ED6BBF}.Release|x86.ActiveCfg = Release|Any CPU
		{C9E9C984-FD86-4436-A25A-D66E59ED6BBF}.Release|x86.Build.0 = Release|Any CPU
		{3B30F6BA-BA8A-42E2-9D6C-AD849EF7E59B}.Debug|Any CPU.ActiveCfg = Debug|Any CPU
		{3B30F6BA-BA8A-42E2-9D6C-AD849EF7E59B}.Debug|Any CPU.Build.0 = Debug|Any CPU
		{3B30F6BA-BA8A-42E2-9D6C-AD849EF7E59B}.Debug|x64.ActiveCfg = Debug|Any CPU
		{3B30F6BA-BA8A-42E2-9D6C-AD849EF7E59B}.Debug|x64.Build.0 = Debug|Any CPU
		{3B30F6BA-BA8A-42E2-9D6C-AD849EF7E59B}.Debug|x86.ActiveCfg = Debug|Any CPU
		{3B30F6BA-BA8A-42E2-9D6C-AD849EF7E59B}.Debug|x86.Build.0 = Debug|Any CPU
		{3B30F6BA-BA8A-42E2-9D6C-AD849EF7E59B}.Release|Any CPU.ActiveCfg = Release|Any CPU
		{3B30F6BA-BA8A-42E2-9D6C-AD849EF7E59B}.Release|Any CPU.Build.0 = Release|Any CPU
		{3B30F6BA-BA8A-42E2-9D6C-AD849EF7E59B}.Release|x64.ActiveCfg = Release|Any CPU
		{3B30F6BA-BA8A-42E2-9D6C-AD849EF7E59B}.Release|x64.Build.0 = Release|Any CPU
		{3B30F6BA-BA8A-42E2-9D6C-AD849EF7E59B}.Release|x86.ActiveCfg = Release|Any CPU
		{3B30F6BA-BA8A-42E2-9D6C-AD849EF7E59B}.Release|x86.Build.0 = Release|Any CPU
		{493BA7D1-D03E-462E-B9C0-DB765AE6C69E}.Debug|Any CPU.ActiveCfg = Debug|Any CPU
		{493BA7D1-D03E-462E-B9C0-DB765AE6C69E}.Debug|Any CPU.Build.0 = Debug|Any CPU
		{493BA7D1-D03E-462E-B9C0-DB765AE6C69E}.Debug|x64.ActiveCfg = Debug|Any CPU
		{493BA7D1-D03E-462E-B9C0-DB765AE6C69E}.Debug|x64.Build.0 = Debug|Any CPU
		{493BA7D1-D03E-462E-B9C0-DB765AE6C69E}.Debug|x86.ActiveCfg = Debug|Any CPU
		{493BA7D1-D03E-462E-B9C0-DB765AE6C69E}.Debug|x86.Build.0 = Debug|Any CPU
		{493BA7D1-D03E-462E-B9C0-DB765AE6C69E}.Release|Any CPU.ActiveCfg = Release|Any CPU
		{493BA7D1-D03E-462E-B9C0-DB765AE6C69E}.Release|Any CPU.Build.0 = Release|Any CPU
		{493BA7D1-D03E-462E-B9C0-DB765AE6C69E}.Release|x64.ActiveCfg = Release|Any CPU
		{493BA7D1-D03E-462E-B9C0-DB765AE6C69E}.Release|x64.Build.0 = Release|Any CPU
		{493BA7D1-D03E-462E-B9C0-DB765AE6C69E}.Release|x86.ActiveCfg = Release|Any CPU
		{493BA7D1-D03E-462E-B9C0-DB765AE6C69E}.Release|x86.Build.0 = Release|Any CPU
		{74D61BBD-0BB8-4D06-961D-42121B5D8E8F}.Debug|Any CPU.ActiveCfg = Debug|Any CPU
		{74D61BBD-0BB8-4D06-961D-42121B5D8E8F}.Debug|Any CPU.Build.0 = Debug|Any CPU
		{74D61BBD-0BB8-4D06-961D-42121B5D8E8F}.Debug|x64.ActiveCfg = Debug|Any CPU
		{74D61BBD-0BB8-4D06-961D-42121B5D8E8F}.Debug|x64.Build.0 = Debug|Any CPU
		{74D61BBD-0BB8-4D06-961D-42121B5D8E8F}.Debug|x86.ActiveCfg = Debug|Any CPU
		{74D61BBD-0BB8-4D06-961D-42121B5D8E8F}.Debug|x86.Build.0 = Debug|Any CPU
		{74D61BBD-0BB8-4D06-961D-42121B5D8E8F}.Release|Any CPU.ActiveCfg = Release|Any CPU
		{74D61BBD-0BB8-4D06-961D-42121B5D8E8F}.Release|Any CPU.Build.0 = Release|Any CPU
		{74D61BBD-0BB8-4D06-961D-42121B5D8E8F}.Release|x64.ActiveCfg = Release|Any CPU
		{74D61BBD-0BB8-4D06-961D-42121B5D8E8F}.Release|x64.Build.0 = Release|Any CPU
		{74D61BBD-0BB8-4D06-961D-42121B5D8E8F}.Release|x86.ActiveCfg = Release|Any CPU
		{74D61BBD-0BB8-4D06-961D-42121B5D8E8F}.Release|x86.Build.0 = Release|Any CPU
		{1EBB34A9-995E-4D7A-A705-85F951E83F7E}.Debug|Any CPU.ActiveCfg = Debug|Any CPU
		{1EBB34A9-995E-4D7A-A705-85F951E83F7E}.Debug|Any CPU.Build.0 = Debug|Any CPU
		{1EBB34A9-995E-4D7A-A705-85F951E83F7E}.Debug|x64.ActiveCfg = Debug|Any CPU
		{1EBB34A9-995E-4D7A-A705-85F951E83F7E}.Debug|x64.Build.0 = Debug|Any CPU
		{1EBB34A9-995E-4D7A-A705-85F951E83F7E}.Debug|x86.ActiveCfg = Debug|Any CPU
		{1EBB34A9-995E-4D7A-A705-85F951E83F7E}.Debug|x86.Build.0 = Debug|Any CPU
		{1EBB34A9-995E-4D7A-A705-85F951E83F7E}.Release|Any CPU.ActiveCfg = Release|Any CPU
		{1EBB34A9-995E-4D7A-A705-85F951E83F7E}.Release|Any CPU.Build.0 = Release|Any CPU
		{1EBB34A9-995E-4D7A-A705-85F951E83F7E}.Release|x64.ActiveCfg = Release|Any CPU
		{1EBB34A9-995E-4D7A-A705-85F951E83F7E}.Release|x64.Build.0 = Release|Any CPU
		{1EBB34A9-995E-4D7A-A705-85F951E83F7E}.Release|x86.ActiveCfg = Release|Any CPU
		{1EBB34A9-995E-4D7A-A705-85F951E83F7E}.Release|x86.Build.0 = Release|Any CPU
		{78A12E41-8EEE-4C5A-BAC0-0BF623DAAA80}.Debug|Any CPU.ActiveCfg = Debug|Any CPU
		{78A12E41-8EEE-4C5A-BAC0-0BF623DAAA80}.Debug|Any CPU.Build.0 = Debug|Any CPU
		{78A12E41-8EEE-4C5A-BAC0-0BF623DAAA80}.Debug|x64.ActiveCfg = Debug|Any CPU
		{78A12E41-8EEE-4C5A-BAC0-0BF623DAAA80}.Debug|x64.Build.0 = Debug|Any CPU
		{78A12E41-8EEE-4C5A-BAC0-0BF623DAAA80}.Debug|x86.ActiveCfg = Debug|Any CPU
		{78A12E41-8EEE-4C5A-BAC0-0BF623DAAA80}.Debug|x86.Build.0 = Debug|Any CPU
		{78A12E41-8EEE-4C5A-BAC0-0BF623DAAA80}.Release|Any CPU.ActiveCfg = Release|Any CPU
		{78A12E41-8EEE-4C5A-BAC0-0BF623DAAA80}.Release|Any CPU.Build.0 = Release|Any CPU
		{78A12E41-8EEE-4C5A-BAC0-0BF623DAAA80}.Release|x64.ActiveCfg = Release|Any CPU
		{78A12E41-8EEE-4C5A-BAC0-0BF623DAAA80}.Release|x64.Build.0 = Release|Any CPU
		{78A12E41-8EEE-4C5A-BAC0-0BF623DAAA80}.Release|x86.ActiveCfg = Release|Any CPU
		{78A12E41-8EEE-4C5A-BAC0-0BF623DAAA80}.Release|x86.Build.0 = Release|Any CPU
		{28B99815-7A70-4DF1-BC6F-4A3EE7706603}.Debug|Any CPU.ActiveCfg = Debug|Any CPU
		{28B99815-7A70-4DF1-BC6F-4A3EE7706603}.Debug|Any CPU.Build.0 = Debug|Any CPU
		{28B99815-7A70-4DF1-BC6F-4A3EE7706603}.Debug|x64.ActiveCfg = Debug|Any CPU
		{28B99815-7A70-4DF1-BC6F-4A3EE7706603}.Debug|x64.Build.0 = Debug|Any CPU
		{28B99815-7A70-4DF1-BC6F-4A3EE7706603}.Debug|x86.ActiveCfg = Debug|Any CPU
		{28B99815-7A70-4DF1-BC6F-4A3EE7706603}.Debug|x86.Build.0 = Debug|Any CPU
		{28B99815-7A70-4DF1-BC6F-4A3EE7706603}.Release|Any CPU.ActiveCfg = Release|Any CPU
		{28B99815-7A70-4DF1-BC6F-4A3EE7706603}.Release|Any CPU.Build.0 = Release|Any CPU
		{28B99815-7A70-4DF1-BC6F-4A3EE7706603}.Release|x64.ActiveCfg = Release|Any CPU
		{28B99815-7A70-4DF1-BC6F-4A3EE7706603}.Release|x64.Build.0 = Release|Any CPU
		{28B99815-7A70-4DF1-BC6F-4A3EE7706603}.Release|x86.ActiveCfg = Release|Any CPU
		{28B99815-7A70-4DF1-BC6F-4A3EE7706603}.Release|x86.Build.0 = Release|Any CPU
	EndGlobalSection
	GlobalSection(SolutionProperties) = preSolution
		HideSolutionNode = FALSE
	EndGlobalSection
	GlobalSection(NestedProjects) = preSolution
		{C9E9C984-FD86-4436-A25A-D66E59ED6BBF} = {827E0CD3-B72D-47B6-A68D-7590B98EB39B}
		{3B30F6BA-BA8A-42E2-9D6C-AD849EF7E59B} = {827E0CD3-B72D-47B6-A68D-7590B98EB39B}
		{493BA7D1-D03E-462E-B9C0-DB765AE6C69E} = {827E0CD3-B72D-47B6-A68D-7590B98EB39B}
		{74D61BBD-0BB8-4D06-961D-42121B5D8E8F} = {827E0CD3-B72D-47B6-A68D-7590B98EB39B}
		{1EBB34A9-995E-4D7A-A705-85F951E83F7E} = {0AB3BF05-4346-4AA6-1389-037BE0695223}
		{78A12E41-8EEE-4C5A-BAC0-0BF623DAAA80} = {0AB3BF05-4346-4AA6-1389-037BE0695223}
		{28B99815-7A70-4DF1-BC6F-4A3EE7706603} = {827E0CD3-B72D-47B6-A68D-7590B98EB39B}
	EndGlobalSection
EndGlobal
